
Microsoft Visual Studio Solution File, Format Version 12.00
# Visual Studio Version 17
VisualStudioVersion = 17.3.32922.545
MinimumVisualStudioVersion = 10.0.40219.1
Project("{FAE04EC0-301F-11D3-BF4B-00C04F79EFBC}") = "ContactManagement", "ContactManagement\ContactManagement.csproj", "{AD79AAE9-127E-41FC-9293-29C0B49007A7}"
EndProject
Project("{FAE04EC0-301F-11D3-BF4B-00C04F79EFBC}") = "ContactManagement.Persistence", "ContactManagement.Persistence\ContactManagement.Persistence.csproj", "{03972EF8-0B4B-49D8-8828-36D233AFABD9}"
EndProject
Global
	GlobalSection(SolutionConfigurationPlatforms) = preSolution
		Debug|Any CPU = Debug|Any CPU
		Release|Any CPU = Release|Any CPU
	EndGlobalSection
	GlobalSection(ProjectConfigurationPlatforms) = postSolution
		{AD79AAE9-127E-41FC-9293-29C0B49007A7}.Debug|Any CPU.ActiveCfg = Debug|Any CPU
		{AD79AAE9-127E-41FC-9293-29C0B49007A7}.Debug|Any CPU.Build.0 = Debug|Any CPU
		{AD79AAE9-127E-41FC-9293-29C0B49007A7}.Release|Any CPU.ActiveCfg = Release|Any CPU
		{AD79AAE9-127E-41FC-9293-29C0B49007A7}.Release|Any CPU.Build.0 = Release|Any CPU
		{03972EF8-0B4B-49D8-8828-36D233AFABD9}.Debug|Any CPU.ActiveCfg = Debug|Any CPU
		{03972EF8-0B4B-49D8-8828-36D233AFABD9}.Debug|Any CPU.Build.0 = Debug|Any CPU
		{03972EF8-0B4B-49D8-8828-36D233AFABD9}.Release|Any CPU.ActiveCfg = Release|Any CPU
		{03972EF8-0B4B-49D8-8828-36D233AFABD9}.Release|Any CPU.Build.0 = Release|Any CPU
	EndGlobalSection
	GlobalSection(SolutionProperties) = preSolution
		HideSolutionNode = FALSE
	EndGlobalSection
	GlobalSection(ExtensibilityGlobals) = postSolution
		SolutionGuid = {D00377F3-7486-49D6-AB3D-AF858BEA8F3D}
	EndGlobalSection
EndGlobal
